
Microsoft Visual Studio Solution File, Format Version 12.00
# Visual Studio Version 16
VisualStudioVersion = 16.0.30523.141
MinimumVisualStudioVersion = 10.0.40219.1
Project("{FAE04EC0-301F-11D3-BF4B-00C04F79EFBC}") = "PIC16F15214BootloaderApp", "PIC16F15214BootloaderApp\PIC16F15214BootloaderApp.csproj", "{E398EEE5-41ED-4894-A020-0FBF7A76E293}"
EndProject
Global
	GlobalSection(SolutionConfigurationPlatforms) = preSolution
		Debug|Any CPU = Debug|Any CPU
		Release|Any CPU = Release|Any CPU
	EndGlobalSection
	GlobalSection(ProjectConfigurationPlatforms) = postSolution
		{E398EEE5-41ED-4894-A020-0FBF7A76E293}.Debug|Any CPU.ActiveCfg = Debug|Any CPU
		{E398EEE5-41ED-4894-A020-0FBF7A76E293}.Debug|Any CPU.Build.0 = Debug|Any CPU
		{E398EEE5-41ED-4894-A020-0FBF7A76E293}.Release|Any CPU.ActiveCfg = Release|Any CPU
		{E398EEE5-41ED-4894-A020-0FBF7A76E293}.Release|Any CPU.Build.0 = Release|Any CPU
	EndGlobalSection
	GlobalSection(SolutionProperties) = preSolution
		HideSolutionNode = FALSE
	EndGlobalSection
	GlobalSection(ExtensibilityGlobals) = postSolution
		SolutionGuid = {CC22B859-681C-415B-8620-A6B27C8B0D00}
	EndGlobalSection
EndGlobal
